
Microsoft Visual Studio Solution File, Format Version 12.00
# Visual Studio Version 17
VisualStudioVersion = 17.9.34728.123
MinimumVisualStudioVersion = 10.0.40219.1
Project("{FAE04EC0-301F-11D3-BF4B-00C04F79EFBC}") = "net-ef-videogame", "net-ef-videogame\net-ef-videogame.csproj", "{FBB7D2B2-4745-456C-8A33-456BCE3FD8FE}"
EndProject
Global
	GlobalSection(SolutionConfigurationPlatforms) = preSolution
		Debug|Any CPU = Debug|Any CPU
		Release|Any CPU = Release|Any CPU
	EndGlobalSection
	GlobalSection(ProjectConfigurationPlatforms) = postSolution
		{FBB7D2B2-4745-456C-8A33-456BCE3FD8FE}.Debug|Any CPU.ActiveCfg = Debug|Any CPU
		{FBB7D2B2-4745-456C-8A33-456BCE3FD8FE}.Debug|Any CPU.Build.0 = Debug|Any CPU
		{FBB7D2B2-4745-456C-8A33-456BCE3FD8FE}.Release|Any CPU.ActiveCfg = Release|Any CPU
		{FBB7D2B2-4745-456C-8A33-456BCE3FD8FE}.Release|Any CPU.Build.0 = Release|Any CPU
	EndGlobalSection
	GlobalSection(SolutionProperties) = preSolution
		HideSolutionNode = FALSE
	EndGlobalSection
	GlobalSection(ExtensibilityGlobals) = postSolution
		SolutionGuid = {3E0FA868-1E91-4E06-BAEF-C3D48687B2BC}
	EndGlobalSection
EndGlobal
